{
  "originHash" : "c2a2df7ab83168657572e45c43fa6c03e4b8001db29ce275d3a56139b4924758",
  "pins" : [
    {
      "identity" : "chouti",
      "kind" : "remoteSourceControl",
      "location" : "https://github.com/honghaoz/ChouTi",
      "state" : {
        "branch" : "master",
        "revision" : "afbf9d9f02e72ee56e4588c6bd7529bf58df47cb"
      }
    },
    {
      "identity" : "composeui",
      "kind" : "remoteSourceControl",
      "location" : "https://github.com/honghaoz/ComposeUI",
      "state" : {
        "branch" : "master",
        "revision" : "401dc84b82acf968cb451382f8f914eaea27cb38"
      }
    }
  ],
  "version" : 3
}
