{
  "originHash" : "c2a2df7ab83168657572e45c43fa6c03e4b8001db29ce275d3a56139b4924758",
  "pins" : [
    {
      "identity" : "chouti",
      "kind" : "remoteSourceControl",
      "location" : "https://github.com/honghaoz/ChouTi",
      "state" : {
        "branch" : "master",
        "revision" : "42f6ad026f8b4df397bffa9215287c2716898073"
      }
    },
    {
      "identity" : "composeui",
      "kind" : "remoteSourceControl",
      "location" : "https://github.com/honghaoz/ComposeUI",
      "state" : {
        "branch" : "master",
        "revision" : "059dd57ca48e83b01ca45761ffd99240647a612e"
      }
    }
  ],
  "version" : 3
}
