{
  "pins" : [
    {
      "identity" : "chouti",
      "kind" : "remoteSourceControl",
      "location" : "https://github.com/honghaoz/ChouTi",
      "state" : {
        "branch" : "master",
        "revision" : "d694fb6a20e1636707a7c93ac98a4390e1f66b10"
      }
    },
    {
      "identity" : "composeui",
      "kind" : "remoteSourceControl",
      "location" : "https://github.com/honghaoz/ComposeUI",
      "state" : {
        "branch" : "master",
        "revision" : "e864f3d1fab236fde0a26e94e788e1224dab7091"
      }
    }
  ],
  "version" : 2
}
