{
  "pins" : [
    {
      "identity" : "chouti",
      "kind" : "remoteSourceControl",
      "location" : "https://github.com/honghaoz/ChouTi",
      "state" : {
        "branch" : "master",
        "revision" : "cd44cd9eb021828747b5cf542636dece20945ea8"
      }
    },
    {
      "identity" : "composeui",
      "kind" : "remoteSourceControl",
      "location" : "https://github.com/honghaoz/ComposeUI",
      "state" : {
        "branch" : "master",
        "revision" : "1a6807c9ed6229880887973ed25ede7930dab58f"
      }
    }
  ],
  "version" : 2
}
