{
  "originHash" : "caaaa3484f41df2c8a79378577c2184aa08ae1c76d42f98b174234626419d8a3",
  "pins" : [
    {
      "identity" : "chouti",
      "kind" : "remoteSourceControl",
      "location" : "https://github.com/honghaoz/ChouTi",
      "state" : {
        "branch" : "master",
        "revision" : "2a9b5d565229d1d2bf380485aea17b695df512e7"
      }
    },
    {
      "identity" : "choutiui",
      "kind" : "remoteSourceControl",
      "location" : "https://github.com/honghaoz/ChouTiUI",
      "state" : {
        "branch" : "master",
        "revision" : "21defc66cae63f26d0ea7029545bc244e081e406"
      }
    },
    {
      "identity" : "composeui",
      "kind" : "remoteSourceControl",
      "location" : "https://github.com/honghaoz/ComposeUI",
      "state" : {
        "branch" : "master",
        "revision" : "9cbb5fa65af7182ab30738b593f8be4c163f1ab3"
      }
    }
  ],
  "version" : 3
}
