{
  "originHash" : "caaaa3484f41df2c8a79378577c2184aa08ae1c76d42f98b174234626419d8a3",
  "pins" : [
    {
      "identity" : "chouti",
      "kind" : "remoteSourceControl",
      "location" : "https://github.com/honghaoz/ChouTi",
      "state" : {
        "branch" : "master",
        "revision" : "bcb465a95680ae388da20cc72209acdb7d58aa77"
      }
    },
    {
      "identity" : "choutiui",
      "kind" : "remoteSourceControl",
      "location" : "https://github.com/honghaoz/ChouTiUI",
      "state" : {
        "branch" : "master",
        "revision" : "33fa727f0ba0b5588856ec76070f356ab5d4f0c7"
      }
    },
    {
      "identity" : "composeui",
      "kind" : "remoteSourceControl",
      "location" : "https://github.com/honghaoz/ComposeUI",
      "state" : {
        "branch" : "master",
        "revision" : "2b356240aa602f6dd02c456619949760da425ba8"
      }
    }
  ],
  "version" : 3
}
