{
  "originHash" : "caaaa3484f41df2c8a79378577c2184aa08ae1c76d42f98b174234626419d8a3",
  "pins" : [
    {
      "identity" : "chouti",
      "kind" : "remoteSourceControl",
      "location" : "https://github.com/honghaoz/ChouTi",
      "state" : {
        "branch" : "master",
        "revision" : "94b92727f346d17ca8ff4e541d8c1583876588af"
      }
    },
    {
      "identity" : "choutiui",
      "kind" : "remoteSourceControl",
      "location" : "https://github.com/honghaoz/ChouTiUI",
      "state" : {
        "branch" : "master",
        "revision" : "9bad3332b9d7db32796c53fe6a9f35257533a53a"
      }
    },
    {
      "identity" : "composeui",
      "kind" : "remoteSourceControl",
      "location" : "https://github.com/honghaoz/ComposeUI",
      "state" : {
        "branch" : "master",
        "revision" : "caeb138ff5c2050aa09215701f9562adf94daf0d"
      }
    }
  ],
  "version" : 3
}
