{
  "pins" : [
    {
      "identity" : "chouti",
      "kind" : "remoteSourceControl",
      "location" : "https://github.com/honghaoz/ChouTi",
      "state" : {
        "branch" : "master",
        "revision" : "aec34d5d0dfc453e20864527be33f88ec40552d3"
      }
    },
    {
      "identity" : "composeui",
      "kind" : "remoteSourceControl",
      "location" : "https://github.com/honghaoz/ComposeUI",
      "state" : {
        "branch" : "master",
        "revision" : "5934a0a4138b74f675780efbab685383baacf4c1"
      }
    }
  ],
  "version" : 2
}
