{
  "originHash" : "caaaa3484f41df2c8a79378577c2184aa08ae1c76d42f98b174234626419d8a3",
  "pins" : [
    {
      "identity" : "chouti",
      "kind" : "remoteSourceControl",
      "location" : "https://github.com/honghaoz/ChouTi",
      "state" : {
        "branch" : "master",
        "revision" : "de857790d857b645169facc25223978de8ace097"
      }
    },
    {
      "identity" : "choutiui",
      "kind" : "remoteSourceControl",
      "location" : "https://github.com/honghaoz/ChouTiUI",
      "state" : {
        "branch" : "master",
        "revision" : "cf234c18b7bd9fad9ecabcc23bb64d6c1b0e3314"
      }
    },
    {
      "identity" : "composeui",
      "kind" : "remoteSourceControl",
      "location" : "https://github.com/honghaoz/ComposeUI",
      "state" : {
        "branch" : "master",
        "revision" : "a57440a18eff3d0af294a63cdba867fc3af6f22e"
      }
    }
  ],
  "version" : 3
}
