{
  "originHash" : "caaaa3484f41df2c8a79378577c2184aa08ae1c76d42f98b174234626419d8a3",
  "pins" : [
    {
      "identity" : "chouti",
      "kind" : "remoteSourceControl",
      "location" : "https://github.com/honghaoz/ChouTi",
      "state" : {
        "branch" : "master",
        "revision" : "94b92727f346d17ca8ff4e541d8c1583876588af"
      }
    },
    {
      "identity" : "choutiui",
      "kind" : "remoteSourceControl",
      "location" : "https://github.com/honghaoz/ChouTiUI",
      "state" : {
        "branch" : "master",
        "revision" : "98be4c164c56cdc93e11ce2d8919044157a898f5"
      }
    },
    {
      "identity" : "composeui",
      "kind" : "remoteSourceControl",
      "location" : "https://github.com/honghaoz/ComposeUI",
      "state" : {
        "branch" : "master",
        "revision" : "126a1a1a90b9bb74040126c40b01f53802b671d3"
      }
    }
  ],
  "version" : 3
}
