{
  "pins" : [
    {
      "identity" : "chouti",
      "kind" : "remoteSourceControl",
      "location" : "https://github.com/honghaoz/ChouTi",
      "state" : {
        "branch" : "master",
        "revision" : "2a9b5d565229d1d2bf380485aea17b695df512e7"
      }
    },
    {
      "identity" : "composeui",
      "kind" : "remoteSourceControl",
      "location" : "https://github.com/honghaoz/ComposeUI",
      "state" : {
        "branch" : "master",
        "revision" : "9cbb5fa65af7182ab30738b593f8be4c163f1ab3"
      }
    }
  ],
  "version" : 2
}
